
Microsoft Visual Studio Solution File, Format Version 12.00
# Visual Studio 15
VisualStudioVersion = 15.0.28307.329
MinimumVisualStudioVersion = 10.0.40219.1
Project("{9A19103F-16F7-4668-BE54-9A1E7A4F7556}") = "demo.ethm.WebApi", "demo.ethm.WebApi\demo.ethm.WebApi.csproj", "{04A0A27F-4BF1-4D33-9323-A25517F928F4}"
EndProject
Project("{2150E333-8FDC-42A3-9474-1A3956D46DE8}") = "0 - Arquitetura e Design", "0 - Arquitetura e Design", "{7CEF69AB-9C8D-45B4-9934-E931045A3A4F}"
EndProject
Project("{2150E333-8FDC-42A3-9474-1A3956D46DE8}") = "1 - Dependências", "1 - Dependências", "{4260F300-2C0A-433D-BAC2-9E2ED8515ABC}"
EndProject
Project("{2150E333-8FDC-42A3-9474-1A3956D46DE8}") = "2 - Camadas", "2 - Camadas", "{90E77116-4E1D-4D09-8416-330DEF601A8B}"
EndProject
Project("{2150E333-8FDC-42A3-9474-1A3956D46DE8}") = "2.1 - Apresentação", "2.1 - Apresentação", "{C464E40D-EA43-4796-864C-3231997DF924}"
EndProject
Project("{2150E333-8FDC-42A3-9474-1A3956D46DE8}") = "2.2 - Serviços Distribuidos", "2.2 - Serviços Distribuidos", "{C728A182-E91C-4351-B242-ACE4D86590EC}"
EndProject
Project("{2150E333-8FDC-42A3-9474-1A3956D46DE8}") = "2.3 - Aplicação", "2.3 - Aplicação", "{2F8B70B5-B30C-44E7-93CA-4EBF90A74F48}"
EndProject
Project("{2150E333-8FDC-42A3-9474-1A3956D46DE8}") = "2.4 - Domínio", "2.4 - Domínio", "{B78869C5-0D36-4A5A-BAE5-901C1E5B2451}"
EndProject
Project("{2150E333-8FDC-42A3-9474-1A3956D46DE8}") = "2.5 - Infraestrutura de Persitência", "2.5 - Infraestrutura de Persitência", "{502A96D5-290D-48AD-806C-72810C44E866}"
EndProject
Project("{2150E333-8FDC-42A3-9474-1A3956D46DE8}") = "2.6 - Infraestrutura Vertical", "2.6 - Infraestrutura Vertical", "{FF129221-D70F-4702-89D4-68BFC39A5FAA}"
EndProject
Project("{2150E333-8FDC-42A3-9474-1A3956D46DE8}") = "3 - Qualidade", "3 - Qualidade", "{913CD216-FE03-4BB2-B20F-34F150830394}"
EndProject
Project("{2150E333-8FDC-42A3-9474-1A3956D46DE8}") = "3.1 - Testes Unitários", "3.1 - Testes Unitários", "{69FED6A0-4E9D-4444-9E9A-D90695FCD3C5}"
EndProject
Project("{2150E333-8FDC-42A3-9474-1A3956D46DE8}") = "3.2 - Testes de Carga", "3.2 - Testes de Carga", "{0F1044DC-ABCA-434C-8C71-50FCACF435B3}"
EndProject
Project("{2150E333-8FDC-42A3-9474-1A3956D46DE8}") = "3.3 - Testes de Integração", "3.3 - Testes de Integração", "{234737C0-92A7-4969-8AF4-E805DAA3EBA9}"
EndProject
Project("{2150E333-8FDC-42A3-9474-1A3956D46DE8}") = "3.4 - Testes de Interface", "3.4 - Testes de Interface", "{DC458B62-C500-49B3-97E3-E3D75D79DFC4}"
EndProject
Project("{9A19103F-16F7-4668-BE54-9A1E7A4F7556}") = "demo.ethm.Dominio", "demo.ethm.Dominio\demo.ethm.Dominio.csproj", "{CF9158A7-DF82-4F34-93B3-4743B0FA9C29}"
EndProject
Project("{9A19103F-16F7-4668-BE54-9A1E7A4F7556}") = "demo.ethm.Infraestrutura", "demo.ethm.Infraestrutura\demo.ethm.Infraestrutura.csproj", "{79F5084F-57CE-4DC3-A966-72C6C4C3311A}"
EndProject
Project("{9A19103F-16F7-4668-BE54-9A1E7A4F7556}") = "demo.ethm.Infraestrutura.Persistencia", "demo.ethm.Infraestrutura.Persistencia\demo.ethm.Infraestrutura.Persistencia.csproj", "{5799F0F3-70A4-430C-899F-07B549373A2F}"
EndProject
Project("{9A19103F-16F7-4668-BE54-9A1E7A4F7556}") = "demo.ethm.IntegracaoEthereum", "demo.ethm.IntegracaoEthereum\demo.ethm.IntegracaoEthereum.csproj", "{1172D5AE-4E99-42EB-A0D0-70474167EDD0}"
EndProject
Project("{9A19103F-16F7-4668-BE54-9A1E7A4F7556}") = "demo.ethm.Dominio.Tests", "demo.ethm.Dominio.Tests\demo.ethm.Dominio.Tests.csproj", "{14B5ED2F-077A-43C9-B327-E9A876A1FEA9}"
EndProject
Project("{9A19103F-16F7-4668-BE54-9A1E7A4F7556}") = "demo.ethm.Infraestrutura.Tests", "demo.ethm.Infraestrutura.Tests\demo.ethm.Infraestrutura.Tests.csproj", "{2D580782-089D-4553-8DA1-243B8C074A98}"
EndProject
Project("{9A19103F-16F7-4668-BE54-9A1E7A4F7556}") = "demo.ethm.Aplicacao", "demo.ethm.Aplicacao\demo.ethm.Aplicacao.csproj", "{3792C342-58D3-4A4E-B1E1-0D626025108E}"
EndProject
Project("{FAE04EC0-301F-11D3-BF4B-00C04F79EFBC}") = "demo.ethm.Aplicacao.Tests", "demo.ethm.Aplicacao.Tests\demo.ethm.Aplicacao.Tests.csproj", "{41F02CF7-ED53-41C9-B953-DF8245295E72}"
EndProject
Global
	GlobalSection(SolutionConfigurationPlatforms) = preSolution
		Debug|Any CPU = Debug|Any CPU
		Release|Any CPU = Release|Any CPU
	EndGlobalSection
	GlobalSection(ProjectConfigurationPlatforms) = postSolution
		{04A0A27F-4BF1-4D33-9323-A25517F928F4}.Debug|Any CPU.ActiveCfg = Debug|Any CPU
		{04A0A27F-4BF1-4D33-9323-A25517F928F4}.Debug|Any CPU.Build.0 = Debug|Any CPU
		{04A0A27F-4BF1-4D33-9323-A25517F928F4}.Release|Any CPU.ActiveCfg = Release|Any CPU
		{04A0A27F-4BF1-4D33-9323-A25517F928F4}.Release|Any CPU.Build.0 = Release|Any CPU
		{CF9158A7-DF82-4F34-93B3-4743B0FA9C29}.Debug|Any CPU.ActiveCfg = Debug|Any CPU
		{CF9158A7-DF82-4F34-93B3-4743B0FA9C29}.Debug|Any CPU.Build.0 = Debug|Any CPU
		{CF9158A7-DF82-4F34-93B3-4743B0FA9C29}.Release|Any CPU.ActiveCfg = Release|Any CPU
		{CF9158A7-DF82-4F34-93B3-4743B0FA9C29}.Release|Any CPU.Build.0 = Release|Any CPU
		{79F5084F-57CE-4DC3-A966-72C6C4C3311A}.Debug|Any CPU.ActiveCfg = Debug|Any CPU
		{79F5084F-57CE-4DC3-A966-72C6C4C3311A}.Debug|Any CPU.Build.0 = Debug|Any CPU
		{79F5084F-57CE-4DC3-A966-72C6C4C3311A}.Release|Any CPU.ActiveCfg = Release|Any CPU
		{79F5084F-57CE-4DC3-A966-72C6C4C3311A}.Release|Any CPU.Build.0 = Release|Any CPU
		{5799F0F3-70A4-430C-899F-07B549373A2F}.Debug|Any CPU.ActiveCfg = Debug|Any CPU
		{5799F0F3-70A4-430C-899F-07B549373A2F}.Debug|Any CPU.Build.0 = Debug|Any CPU
		{5799F0F3-70A4-430C-899F-07B549373A2F}.Release|Any CPU.ActiveCfg = Release|Any CPU
		{5799F0F3-70A4-430C-899F-07B549373A2F}.Release|Any CPU.Build.0 = Release|Any CPU
		{1172D5AE-4E99-42EB-A0D0-70474167EDD0}.Debug|Any CPU.ActiveCfg = Debug|Any CPU
		{1172D5AE-4E99-42EB-A0D0-70474167EDD0}.Debug|Any CPU.Build.0 = Debug|Any CPU
		{1172D5AE-4E99-42EB-A0D0-70474167EDD0}.Release|Any CPU.ActiveCfg = Release|Any CPU
		{1172D5AE-4E99-42EB-A0D0-70474167EDD0}.Release|Any CPU.Build.0 = Release|Any CPU
		{14B5ED2F-077A-43C9-B327-E9A876A1FEA9}.Debug|Any CPU.ActiveCfg = Debug|Any CPU
		{14B5ED2F-077A-43C9-B327-E9A876A1FEA9}.Debug|Any CPU.Build.0 = Debug|Any CPU
		{14B5ED2F-077A-43C9-B327-E9A876A1FEA9}.Release|Any CPU.ActiveCfg = Release|Any CPU
		{14B5ED2F-077A-43C9-B327-E9A876A1FEA9}.Release|Any CPU.Build.0 = Release|Any CPU
		{2D580782-089D-4553-8DA1-243B8C074A98}.Debug|Any CPU.ActiveCfg = Debug|Any CPU
		{2D580782-089D-4553-8DA1-243B8C074A98}.Debug|Any CPU.Build.0 = Debug|Any CPU
		{2D580782-089D-4553-8DA1-243B8C074A98}.Release|Any CPU.ActiveCfg = Release|Any CPU
		{2D580782-089D-4553-8DA1-243B8C074A98}.Release|Any CPU.Build.0 = Release|Any CPU
		{3792C342-58D3-4A4E-B1E1-0D626025108E}.Debug|Any CPU.ActiveCfg = Debug|Any CPU
		{3792C342-58D3-4A4E-B1E1-0D626025108E}.Debug|Any CPU.Build.0 = Debug|Any CPU
		{3792C342-58D3-4A4E-B1E1-0D626025108E}.Release|Any CPU.ActiveCfg = Release|Any CPU
		{3792C342-58D3-4A4E-B1E1-0D626025108E}.Release|Any CPU.Build.0 = Release|Any CPU
		{41F02CF7-ED53-41C9-B953-DF8245295E72}.Debug|Any CPU.ActiveCfg = Debug|Any CPU
		{41F02CF7-ED53-41C9-B953-DF8245295E72}.Debug|Any CPU.Build.0 = Debug|Any CPU
		{41F02CF7-ED53-41C9-B953-DF8245295E72}.Release|Any CPU.ActiveCfg = Release|Any CPU
		{41F02CF7-ED53-41C9-B953-DF8245295E72}.Release|Any CPU.Build.0 = Release|Any CPU
	EndGlobalSection
	GlobalSection(SolutionProperties) = preSolution
		HideSolutionNode = FALSE
	EndGlobalSection
	GlobalSection(NestedProjects) = preSolution
		{04A0A27F-4BF1-4D33-9323-A25517F928F4} = {C728A182-E91C-4351-B242-ACE4D86590EC}
		{C464E40D-EA43-4796-864C-3231997DF924} = {90E77116-4E1D-4D09-8416-330DEF601A8B}
		{C728A182-E91C-4351-B242-ACE4D86590EC} = {90E77116-4E1D-4D09-8416-330DEF601A8B}
		{2F8B70B5-B30C-44E7-93CA-4EBF90A74F48} = {90E77116-4E1D-4D09-8416-330DEF601A8B}
		{B78869C5-0D36-4A5A-BAE5-901C1E5B2451} = {90E77116-4E1D-4D09-8416-330DEF601A8B}
		{502A96D5-290D-48AD-806C-72810C44E866} = {90E77116-4E1D-4D09-8416-330DEF601A8B}
		{FF129221-D70F-4702-89D4-68BFC39A5FAA} = {90E77116-4E1D-4D09-8416-330DEF601A8B}
		{69FED6A0-4E9D-4444-9E9A-D90695FCD3C5} = {913CD216-FE03-4BB2-B20F-34F150830394}
		{0F1044DC-ABCA-434C-8C71-50FCACF435B3} = {913CD216-FE03-4BB2-B20F-34F150830394}
		{234737C0-92A7-4969-8AF4-E805DAA3EBA9} = {913CD216-FE03-4BB2-B20F-34F150830394}
		{DC458B62-C500-49B3-97E3-E3D75D79DFC4} = {913CD216-FE03-4BB2-B20F-34F150830394}
		{CF9158A7-DF82-4F34-93B3-4743B0FA9C29} = {B78869C5-0D36-4A5A-BAE5-901C1E5B2451}
		{79F5084F-57CE-4DC3-A966-72C6C4C3311A} = {FF129221-D70F-4702-89D4-68BFC39A5FAA}
		{5799F0F3-70A4-430C-899F-07B549373A2F} = {502A96D5-290D-48AD-806C-72810C44E866}
		{1172D5AE-4E99-42EB-A0D0-70474167EDD0} = {C464E40D-EA43-4796-864C-3231997DF924}
		{14B5ED2F-077A-43C9-B327-E9A876A1FEA9} = {69FED6A0-4E9D-4444-9E9A-D90695FCD3C5}
		{2D580782-089D-4553-8DA1-243B8C074A98} = {234737C0-92A7-4969-8AF4-E805DAA3EBA9}
		{3792C342-58D3-4A4E-B1E1-0D626025108E} = {2F8B70B5-B30C-44E7-93CA-4EBF90A74F48}
		{41F02CF7-ED53-41C9-B953-DF8245295E72} = {234737C0-92A7-4969-8AF4-E805DAA3EBA9}
	EndGlobalSection
	GlobalSection(ExtensibilityGlobals) = postSolution
		SolutionGuid = {A4C22792-0BE4-447F-A7B4-97A3C5DDFDE8}
	EndGlobalSection
EndGlobal
